{
    "version": 3,
    "terraform_version": "0.11.7",
    "serial": 33,
    "lineage": "d2fe05bc-a1f9-3752-50a2-6f10ce661a09",
    "modules": [
        {
            "path": [
                "root"
            ],
            "outputs": {
                "PuttyHostName": {
                    "sensitive": false,
                    "type": "list",
                    "value": [
                        "bitnami",
                        "ec2-18-216-106-15.us-east-2.compute.amazonaws.com"
                    ]
                }
            },
            "resources": {
                "aws_instance.WordPress": {
                    "type": "aws_instance",
                    "depends_on": [
                        "aws_security_group.wordpress_SG"
                    ],
                    "primary": {
                        "id": "i-01fc002a8b58fba5e",
                        "attributes": {
                            "ami": "ami-ed3e0c88",
                            "associate_public_ip_address": "true",
                            "availability_zone": "us-east-2c",
                            "credit_specification.#": "1",
                            "credit_specification.0.cpu_credits": "standard",
                            "disable_api_termination": "false",
                            "ebs_block_device.#": "0",
                            "ebs_optimized": "false",
                            "ephemeral_block_device.#": "0",
                            "get_password_data": "false",
                            "iam_instance_profile": "",
                            "id": "i-01fc002a8b58fba5e",
                            "instance_state": "running",
                            "instance_type": "t2.micro",
                            "ipv6_addresses.#": "0",
                            "key_name": "WP_ec2_key",
                            "monitoring": "true",
                            "network_interface.#": "0",
                            "network_interface_id": "eni-0fe6a7b423f5e344e",
                            "password_data": "",
                            "placement_group": "",
                            "primary_network_interface_id": "eni-0fe6a7b423f5e344e",
                            "private_dns": "ip-172-31-38-213.us-east-2.compute.internal",
                            "private_ip": "172.31.38.213",
                            "public_dns": "ec2-13-58-238-79.us-east-2.compute.amazonaws.com",
                            "public_ip": "13.58.238.79",
                            "root_block_device.#": "1",
                            "root_block_device.0.delete_on_termination": "true",
                            "root_block_device.0.iops": "100",
                            "root_block_device.0.volume_id": "vol-02ad8d22bec196301",
                            "root_block_device.0.volume_size": "10",
                            "root_block_device.0.volume_type": "gp2",
                            "security_groups.#": "1",
                            "security_groups.1303421400": "wordpress_SG",
                            "source_dest_check": "true",
                            "subnet_id": "subnet-2a889967",
                            "tags.%": "0",
                            "tenancy": "default",
                            "volume_tags.%": "0",
                            "vpc_security_group_ids.#": "1",
                            "vpc_security_group_ids.3788491945": "sg-046ea090f3d567356"
                        },
                        "meta": {
                            "e2bfb730-ecaa-11e6-8f88-34363bc7c4c0": {
                                "create": 600000000000,
                                "delete": 1200000000000,
                                "update": 600000000000
                            },
                            "schema_version": "1"
                        },
                        "tainted": true
                    },
                    "deposed": [],
                    "provider": "provider.aws"
                },
                "aws_key_pair.WP_ec2_key": {
                    "type": "aws_key_pair",
                    "depends_on": [],
                    "primary": {
                        "id": "WP_ec2_key",
                        "attributes": {
                            "fingerprint": "18:c7:d6:ac:12:0a:62:a8:04:f2:25:7f:2a:3c:fc:8c",
                            "id": "WP_ec2_key",
                            "key_name": "WP_ec2_key",
                            "public_key": "---- BEGIN SSH2 PUBLIC KEY ----\r\nComment: \"rsa-key-20180520\"\r\nAAAAB3NzaC1yc2EAAAABJQAAAQEAqVjM/ZQgFGhSzRn1Z65R5tEvmbcir7eFVoZV\r\nd3A3Goe55MLTzknrmMLRN9QfKReCfEAo6XJ2TSsSqRut47jqT0Xo3RMITzuTfw01\r\nR9GlCotxnzMEJCogiOR/F5ADMIQkmDc6jq/tX00raZs78y/QSl/gQllQXRMFeQKy\r\nYJTxKYW4I7POVoPNj4XlXiEwCQmhTAyMlhIzGz2gSaO0iuTnQuE3do/PYKv2RgJs\r\n8CIxI1+Z0UmPm0j0AlfKNEC/Fu7/wbVxL6Qm2XCAydFgsbsz46vKYPq7I8PRj/jv\r\nzszoJ7r1rCcUsimBtbVKNwaV3dF2cSssmSdHLWQxfNSjvid0XQ==\r\n---- END SSH2 PUBLIC KEY ----"
                        },
                        "meta": {
                            "schema_version": "1"
                        },
                        "tainted": false
                    },
                    "deposed": [],
                    "provider": "provider.aws"
                },
                "aws_s3_bucket.wp-filesync": {
                    "type": "aws_s3_bucket",
                    "depends_on": [],
                    "primary": {
                        "id": "wp-filesync",
                        "attributes": {
                            "acceleration_status": "",
                            "acl": "private",
                            "arn": "arn:aws:s3:::wp-filesync",
                            "bucket": "wp-filesync",
                            "bucket_domain_name": "wp-filesync.s3.amazonaws.com",
                            "force_destroy": "false",
                            "hosted_zone_id": "Z2O1EMRO9K5GLX",
                            "id": "wp-filesync",
                            "logging.#": "0",
                            "region": "us-east-2",
                            "replication_configuration.#": "0",
                            "request_payer": "BucketOwner",
                            "server_side_encryption_configuration.#": "0",
                            "tags.%": "2",
                            "tags.Environment": "Prod",
                            "tags.Name": "All Synced Wordpress Files ",
                            "versioning.#": "1",
                            "versioning.0.enabled": "false",
                            "versioning.0.mfa_delete": "false",
                            "website.#": "0"
                        },
                        "meta": {},
                        "tainted": false
                    },
                    "deposed": [],
                    "provider": "provider.aws"
                },
                "aws_security_group.wordpress_SG": {
                    "type": "aws_security_group",
                    "depends_on": [],
                    "primary": {
                        "id": "sg-046ea090f3d567356",
                        "attributes": {
                            "arn": "arn:aws:ec2:us-east-2:464476803495:security-group/sg-046ea090f3d567356",
                            "description": "Allow all inbound traffic",
                            "egress.#": "1",
                            "egress.482069346.cidr_blocks.#": "1",
                            "egress.482069346.cidr_blocks.0": "0.0.0.0/0",
                            "egress.482069346.description": "",
                            "egress.482069346.from_port": "0",
                            "egress.482069346.ipv6_cidr_blocks.#": "0",
                            "egress.482069346.prefix_list_ids.#": "0",
                            "egress.482069346.protocol": "-1",
                            "egress.482069346.security_groups.#": "0",
                            "egress.482069346.self": "false",
                            "egress.482069346.to_port": "0",
                            "id": "sg-046ea090f3d567356",
                            "ingress.#": "3",
                            "ingress.2214680975.cidr_blocks.#": "1",
                            "ingress.2214680975.cidr_blocks.0": "0.0.0.0/0",
                            "ingress.2214680975.description": "",
                            "ingress.2214680975.from_port": "80",
                            "ingress.2214680975.ipv6_cidr_blocks.#": "0",
                            "ingress.2214680975.protocol": "tcp",
                            "ingress.2214680975.security_groups.#": "0",
                            "ingress.2214680975.self": "false",
                            "ingress.2214680975.to_port": "80",
                            "ingress.2541437006.cidr_blocks.#": "1",
                            "ingress.2541437006.cidr_blocks.0": "0.0.0.0/0",
                            "ingress.2541437006.description": "",
                            "ingress.2541437006.from_port": "22",
                            "ingress.2541437006.ipv6_cidr_blocks.#": "0",
                            "ingress.2541437006.protocol": "tcp",
                            "ingress.2541437006.security_groups.#": "0",
                            "ingress.2541437006.self": "false",
                            "ingress.2541437006.to_port": "22",
                            "ingress.2617001939.cidr_blocks.#": "1",
                            "ingress.2617001939.cidr_blocks.0": "0.0.0.0/0",
                            "ingress.2617001939.description": "",
                            "ingress.2617001939.from_port": "443",
                            "ingress.2617001939.ipv6_cidr_blocks.#": "0",
                            "ingress.2617001939.protocol": "tcp",
                            "ingress.2617001939.security_groups.#": "0",
                            "ingress.2617001939.self": "false",
                            "ingress.2617001939.to_port": "443",
                            "name": "wordpress_SG",
                            "owner_id": "464476803495",
                            "revoke_rules_on_delete": "false",
                            "tags.%": "0",
                            "vpc_id": "vpc-890179e1"
                        },
                        "meta": {
                            "e2bfb730-ecaa-11e6-8f88-34363bc7c4c0": {
                                "create": 600000000000,
                                "delete": 600000000000
                            },
                            "schema_version": "1"
                        },
                        "tainted": false
                    },
                    "deposed": [],
                    "provider": "provider.aws"
                }
            },
            "depends_on": []
        }
    ]
}
